annotated-types==0.8.0
antlr4-python3-runtime==4.9.3
anyio==4.15.1
audioread==3.1.0
certifi==2022.12.7
cffi==2.1.1
charset-normalizer==3.5.2
click==8.5.0
cn2an==0.5.24
cuda-bindings==13.3.1
cuda-pathfinder==1.6.0
cuda-toolkit==13.0.2
cytoolz==1.1.0
einops==0.8.2
encodec==0.1.1
exceptiongroup==1.3.0
filelock==3.32.3
fsspec==2026.7.0
h11==0.16.0
hf-xet==1.6.0
httpcore==1.0.9
httpx==0.28.1
huggingface-hub==1.27.0
idna==3.4
inflect==7.5.0
iniconfig==2.3.1
intervaltree==3.2.1
jieba==0.42.1
jinja2==3.1.6
lhotse==1.33.0
markdown-it-py==4.2.0
markupsafe==3.0.3
mdurl==0.1.2
ml-dtypes==0.6.0
more-itertools==11.1.0
mpmath==1.3.0
networkx==3.6.1
ninja==1.13.2
numpy==2.4.6
nvidia-cublas==13.1.0.3
nvidia-cuda-cupti==13.0.85
nvidia-cuda-nvrtc==13.0.88
nvidia-cuda-runtime==13.0.96
nvidia-cudnn-cu13==9.19.0.56
nvidia-cufft==12.0.0.61
nvidia-cufile==1.15.1.6
nvidia-curand==10.4.0.35
nvidia-cusolver==12.0.4.66
nvidia-cusparse==12.6.3.3
nvidia-cusparselt-cu13==0.8.0
nvidia-ml-py==13.615.71
nvidia-modelopt==0.47.0
nvidia-nccl-cu13==2.28.9
nvidia-nvjitlink==13.0.88
nvidia-nvshmem-cu13==3.4.5
nvidia-nvtx==13.0.85
omegaconf==2.3.1
onnx==1.23.1
onnx-ir==1.0.0
onnxscript==0.7.2
packaging==24.1
piper-phonemize==1.4.7
pluggy==1.6.0
proces==0.1.7
protobuf==7.36.2
pulp==3.3.2
pycparser==3.0
pydantic==2.13.5
pydantic-core==2.46.5
pygments==2.21.0
pypinyin==0.55.0
pytest==8.4.2
pyyaml==6.0.2
regex==2026.9.29
requests==2.32.5
rich==15.0.0
safetensors==0.8.0
scipy==1.18.1
setuptools==81.0.0
sortedcontainers==2.4.0
soundfile==0.14.0
sympy==1.14.0
tabulate==0.10.0
tensorrt==11.3.0.99
tensorrt-cu13==11.3.0.99
tensorrt-cu13-bindings==11.3.0.99
tensorrt-cu13-libs==11.3.0.99
tomli==2.2.1
toolz==1.1.0
torch==2.11.0+cu130
torchaudio==2.11.0+cu130
tqdm==4.66.5
triton==3.6.0
typeguard==4.6.0
typing-extensions==4.16.0
typing-inspection==0.4.4
urllib3==2.8.0
vocos==0.1.0

socksio==1.0.0
