cuda-bindings==13.3.1
cuda-pathfinder==1.6.0
cuda-toolkit==13.2.1
filelock==3.32.3
fsspec==2026.7.0
jinja2==3.1.6
markupsafe==3.0.3
ml-dtypes==0.6.0
mpmath==1.3.0
networkx==3.6.1
numpy==2.4.6
nvidia-cublas==13.4.0.1
nvidia-cuda-cupti==13.2.75
nvidia-cuda-nvrtc==13.2.78
nvidia-cuda-runtime==13.2.75
nvidia-cudnn-cu13==9.20.0.48
nvidia-cufft==12.2.0.46
nvidia-cufile==1.17.1.22
nvidia-curand==10.4.2.55
nvidia-cusolver==12.2.0.1
nvidia-cusparse==12.7.10.1
nvidia-cusparselt-cu13==0.8.1
nvidia-ml-py==13.615.71
nvidia-nccl-cu13==2.29.7
nvidia-nvjitlink==13.3.33
nvidia-nvshmem-cu13==3.4.5
nvidia-nvtx==13.2.75
onnx==1.23.1
protobuf==7.36.2
safetensors==0.8.0
setuptools==78.1.0
sympy==1.14.0
tensorrt==11.3.0.99
tensorrt-cu13==11.3.0.99
tensorrt-cu13-bindings==11.3.0.99
tensorrt-cu13-libs==11.3.0.99
torch==2.13.0+cu132
triton==3.7.1
typing-extensions==4.16.0
