absl-py==2.4.0
accelerate==1.14.0
aiohappyeyeballs==2.6.2
aiohttp==3.14.1
aiosignal==1.4.0
alembic==1.18.4
aliyun-python-sdk-core==2.16.0
aliyun-python-sdk-kms==2.16.5
altair==6.2.1
annotated-doc==0.0.4
annotated-types==0.7.0
antlr4-python3-runtime==4.9.3
anyio==4.13.0
asteroid-filterbanks==0.4.0
attrs==26.1.0
audio-separator==0.44.2
audioread==3.1.0
beartype==0.18.5
blinker==1.9.0
brotli==1.2.0
cachetools==7.1.4
certifi==2026.5.20
cffi==2.0.0
charset-normalizer==3.4.7
click==8.4.1
cloudpickle==3.1.2
colorlog==6.10.1
contourpy==1.3.3
crcmod==1.7
cryptography==49.0.0
cuda-bindings==13.3.1
cuda-pathfinder==1.5.5
cuda-toolkit==13.0.2
cycler==0.12.1
cython==3.2.5
decorator==5.3.1
demucs==4.0.1
diffq==0.2.4
dora-search==0.1.12
editdistance==0.8.1
einops==0.8.2
fastapi==0.137.0
filelock==3.29.4
flatbuffers==25.12.19
fonttools==4.63.0
frozenlist==1.8.0
fsspec==2026.4.0
funasr==1.3.9
gitdb==4.0.12
gitpython==3.1.50
googleapis-common-protos==1.75.0
gradio==6.18.0
gradio-client==2.5.0
greenlet==3.5.1
groovy==0.1.2
grpcio==1.81.1
h11==0.16.0
hf-gradio==0.4.1
hf-xet==1.5.1
httpcore==1.0.9
httptools==0.8.0
httpx==0.28.1
huggingface-hub==0.36.2
hydra-core==1.3.3
hyperpyyaml==1.2.3
idna==3.18
itsdangerous==2.2.0
jaconv==0.5.0
jamo==0.4.1
jieba==0.42.1
jinja2==3.1.6
jmespath==0.10.0
joblib==1.5.3
jsonschema==4.26.0
jsonschema-specifications==2025.9.1
julius==0.2.8
kaldiio==2.18.1
kiwisolver==1.5.0
lameenc==1.8.2
lazy-loader==0.5
librosa==0.11.0
lightning==2.6.5
lightning-utilities==0.15.3
llvmlite==0.47.0
mako==1.3.12
markdown-it-py==4.2.0
markupsafe==3.0.3
matplotlib==3.11.0
mdurl==0.1.2
ml-collections==1.1.0
ml-dtypes==0.5.4
modelscope==1.37.1
more-itertools==11.1.0
-e file:///workspace/MOSS-Audio
mpmath==1.3.0
msgpack==1.2.0
multidict==6.7.1
narwhals==2.22.1
networkx==3.6.1
numba==0.65.1
numpy==2.4.6
nvidia-cublas==13.1.1.3
nvidia-cuda-cupti==13.0.85
nvidia-cuda-nvrtc==13.0.88
nvidia-cuda-runtime==13.0.96
nvidia-cudnn-cu13==9.20.0.48
nvidia-cufft==12.0.0.61
nvidia-cufile==1.15.1.6
nvidia-curand==10.4.0.35
nvidia-cusolver==12.0.4.66
nvidia-cusparse==12.6.3.3
nvidia-cusparselt-cu13==0.8.1
nvidia-nccl-cu13==2.29.7
nvidia-nvjitlink==13.0.88
nvidia-nvshmem-cu13==3.4.5
nvidia-nvtx==13.0.85
omegaconf==2.3.1
onnx-weekly==1.22.0.dev20260615
onnx2torch-py313==1.6.0
onnxruntime-gpu==1.26.0
openai-whisper==20250625
opentelemetry-api==1.42.1
opentelemetry-exporter-otlp==1.42.1
opentelemetry-exporter-otlp-proto-common==1.42.1
opentelemetry-exporter-otlp-proto-grpc==1.42.1
opentelemetry-exporter-otlp-proto-http==1.42.1
opentelemetry-proto==1.42.1
opentelemetry-sdk==1.42.1
opentelemetry-semantic-conventions==0.63b1
openunmix==1.3.0
optuna==4.9.0
orjson==3.11.9
oss2==2.19.1
packaging==26.2
pandas==3.0.3
pillow==12.2.0
pip==26.1.2
platformdirs==4.10.0
plotly==6.8.0
pooch==1.9.0
primepy==1.3
propcache==0.5.2
protobuf==6.33.6
psutil==7.2.2
pyannote-audio==4.0.4
pyannote-core==6.0.1
pyannote-database==6.1.1
pyannote-metrics==4.1
pyannote-pipeline==4.0.0
pyannoteai-sdk==0.4.0
pyarrow==24.0.0
pycparser==3.0
pycryptodome==3.23.0
pydantic==2.13.4
pydantic-core==2.46.4
pydeck==0.9.2
pydub==0.25.1
pygments==2.20.0
pyloudnorm==0.2.0
pynndescent==0.6.0
pyparsing==3.3.2
python-dateutil==2.9.0.post0
python-multipart==0.0.32
pytorch-lightning==2.6.5
pytorch-metric-learning==2.9.0
pytz==2026.2
pyyaml==6.0.3
referencing==0.37.0
regex==2026.5.9
requests==2.34.2
resampy==0.4.3
retrying==1.4.2
rich==15.0.0
rotary-embedding-torch==0.6.5
rpds-py==2026.5.1
ruamel-yaml==0.18.17
ruamel-yaml-clib==0.2.15
s3prl==0.4.18
safehttpx==0.1.7
safetensors==0.8.0
samplerate==0.1.0
scikit-learn==1.9.0
scipy==1.17.1
semantic-version==2.10.0
sentencepiece==0.2.1
setuptools==81.0.0
shellingham==1.5.4
silero-vad==6.2.1
six==1.17.0
smmap==5.0.3
sortedcontainers==2.4.0
soundfile==0.14.0
soxr==1.1.0
speechbrain==1.1.0
sqlalchemy==2.0.50
starlette==1.3.1
streamlit==1.58.0
submitit==1.5.4
sympy==1.14.0
tenacity==9.1.4
tensorboardx==2.6.5
threadpoolctl==3.6.0
tiktoken==0.13.0
tokenizers==0.22.2
toml==0.10.2
tomlkit==0.14.0
torch==2.12.0
torch-audiomentations==0.12.0
torch-complex==0.4.4
torch-pitch-shift==1.2.5
torchaudio==2.11.0
torchcodec==0.14.0
torchmetrics==1.9.0
torchvision==0.27.0
tqdm==4.68.2
transformers==4.57.1
treetable==0.2.6
triton==3.7.0
typer==0.25.1
typing-extensions==4.15.0
typing-inspection==0.4.2
umap-learn==0.5.12
urllib3==2.7.0
uvicorn==0.49.0
watchdog==6.0.0
websockets==16.0
yarl==1.24.2
yt-dlp==2026.6.9
