antlr4-python3-runtime==4.9.3
anyio==4.15.1
audioread==3.1.0
certifi==2026.7.22
cffi==2.1.1
charset-normalizer==3.5.2
click==8.5.0
cloudpickle==3.1.2
cn2an==0.5.24
contourpy==1.4.0
cuda-bindings==13.3.1
cuda-pathfinder==1.6.0
cuda-toolkit==13.0.2
cycler==0.12.1
cytoolz==1.1.0
decorator==5.3.1
defusedxml==0.7.1
distance==0.1.3
einops==0.8.2
encodec==0.1.1
exceptiongroup==1.3.0
filelock==3.32.3
fonttools==4.66.1
fsspec==2026.7.0
g2p-en==2.1.0
h11==0.16.0
hf-xet==1.6.0
httpcore==1.0.9
httpx==0.28.1
huggingface-hub==0.36.2
idna==3.4
importlib-resources==7.1.0
inflect==7.5.0
iniconfig==2.3.1
-e file:///workspace/A_1007/indextts
intervaltree==3.2.1
jieba==0.42.1
jinja2==3.1.6
joblib==1.6.0
json5==0.15.0
kiwisolver==1.5.1
lazy-loader==0.6
lhotse==1.33.0
librosa==0.10.2.post1
llvmlite==0.50.0
markupsafe==3.0.3
matplotlib==3.11.2
ml-dtypes==0.6.0
more-itertools==11.1.0
mpmath==1.3.0
msgpack==1.2.3
munch==4.0.0
narwhals==2.26.0
networkx==3.6.1
nltk==3.10.3
numba==0.68.0
numpy==2.2.6
nvidia-cublas==13.1.0.3
nvidia-cuda-cupti==13.0.85
nvidia-cuda-nvrtc==13.0.88
nvidia-cuda-runtime==13.0.96
nvidia-cudnn-cu13==9.19.0.56
nvidia-cufft==12.0.0.61
nvidia-cufile==1.15.1.6
nvidia-curand==10.4.0.35
nvidia-cusolver==12.0.4.66
nvidia-cusparse==12.6.3.3
nvidia-cusparselt-cu13==0.8.0
nvidia-ml-py==13.615.71
nvidia-nccl-cu13==2.28.9
nvidia-nvjitlink==13.0.88
nvidia-nvshmem-cu13==3.4.5
nvidia-nvtx==13.0.85
omegaconf==2.3.1
onnx==1.23.1
onnx-ir==1.0.0
onnxscript==0.7.2
openai-whisper==20250625
packaging==24.1
pillow==12.3.0
piper-phonemize==1.4.7
platformdirs==4.12.4
pluggy==1.6.0
pooch==1.9.0
proces==0.1.7
protobuf==7.36.2
psutil==7.2.2
pycparser==3.0
pygments==2.21.0
pynini==2.1.6
pyparsing==3.3.3
pypinyin==0.55.0
pytest==8.4.2
python-dateutil==2.9.0.post0
pyyaml==6.0.2
regex==2026.9.29
requests==2.34.2
safetensors==0.8.0
scikit-learn==1.9.1
scipy==1.17.1
sentencepiece==0.2.2
setuptools==78.1.0
silero-vad==6.2.1
six==1.17.0
sortedcontainers==2.4.0
soundfile==0.13.1
soxr==1.1.0
sympy==1.14.0
tabulate==0.10.0
tensorrt==11.3.0.99
tensorrt-cu13==11.3.0.99
tensorrt-cu13-bindings==11.3.0.99
tensorrt-cu13-libs==11.3.0.99
tensorrt-llm==1.3.0rc28
threadpoolctl==3.7.0
tiktoken==0.13.0
tokenizers==0.21.4
tomli==2.2.1
toolz==1.1.0
torch==2.11.0+cu130
torchaudio==2.11.0+cu130
tqdm==4.66.5
transformers==4.52.1
triton==3.6.0
typeguard==4.6.0
typing-extensions==4.16.0
urllib3==2.8.0
vocos==0.1.0
wetextprocessing==1.0.4.1
